
Microsoft Visual Studio Solution File, Format Version 12.00
# Visual Studio Version 17
VisualStudioVersion = 17.4.33110.190
MinimumVisualStudioVersion = 10.0.40219.1
Project("{FAE04EC0-301F-11D3-BF4B-00C04F79EFBC}") = "ProjetoAula05", "ProjetoAula05\ProjetoAula05.csproj", "{7213BBAF-6F30-4D63-9CE0-3B94C128AD62}"
EndProject
Global
	GlobalSection(SolutionConfigurationPlatforms) = preSolution
		Debug|Any CPU = Debug|Any CPU
		Release|Any CPU = Release|Any CPU
	EndGlobalSection
	GlobalSection(ProjectConfigurationPlatforms) = postSolution
		{7213BBAF-6F30-4D63-9CE0-3B94C128AD62}.Debug|Any CPU.ActiveCfg = Debug|Any CPU
		{7213BBAF-6F30-4D63-9CE0-3B94C128AD62}.Debug|Any CPU.Build.0 = Debug|Any CPU
		{7213BBAF-6F30-4D63-9CE0-3B94C128AD62}.Release|Any CPU.ActiveCfg = Release|Any CPU
		{7213BBAF-6F30-4D63-9CE0-3B94C128AD62}.Release|Any CPU.Build.0 = Release|Any CPU
	EndGlobalSection
	GlobalSection(SolutionProperties) = preSolution
		HideSolutionNode = FALSE
	EndGlobalSection
	GlobalSection(ExtensibilityGlobals) = postSolution
		SolutionGuid = {7970C46F-8DB5-41D6-8444-65191FAC6192}
	EndGlobalSection
EndGlobal
